// !$*UTF8*$!
{
	archiveVersion = 1;
	classes = {
	};
	objectVersion = 48;
	objects = {

/* Begin PBXBuildFile section */
		3389767D2137DE9600BCA2D5 /* AppDelegate.m in Sources */ = {isa = PBXBuildFile; fileRef = 3389767C2137DE9600BCA2D5 /* AppDelegate.m */; };
		338976802137DE9600BCA2D5 /* ViewController.m in Sources */ = {isa = PBXBuildFile; fileRef = 3389767F2137DE9600BCA2D5 /* ViewController.m */; };
		338976832137DE9600BCA2D5 /* Main.storyboard in Resources */ = {isa = PBXBuildFile; fileRef = 338976812137DE9600BCA2D5 /* Main.storyboard */; };
		338976852137DE9600BCA2D5 /* Assets.xcassets in Resources */ = {isa = PBXBuildFile; fileRef = 338976842137DE9600BCA2D5 /* Assets.xcassets */; };
		338976882137DE9600BCA2D5 /* LaunchScreen.storyboard in Resources */ = {isa = PBXBuildFile; fileRef = 338976862137DE9600BCA2D5 /* LaunchScreen.storyboard */; };
		3389768B2137DE9600BCA2D5 /* main.m in Sources */ = {isa = PBXBuildFile; fileRef = 3389768A2137DE9600BCA2D5 /* main.m */; };
		338976952137DE9600BCA2D5 /* DistSafeProtectorExampleTests.m in Sources */ = {isa = PBXBuildFile; fileRef = 338976942137DE9600BCA2D5 /* DistSafeProtectorExampleTests.m */; };
		338976A02137DE9600BCA2D5 /* DistSafeProtectorExampleUITests.m in Sources */ = {isa = PBXBuildFile; fileRef = 3389769F2137DE9600BCA2D5 /* DistSafeProtectorExampleUITests.m */; };
		338976C62137E27600BCA2D5 /* NSObject+KVOSafe.m in Sources */ = {isa = PBXBuildFile; fileRef = 338976AE2137E27200BCA2D5 /* NSObject+KVOSafe.m */; };
		338976C72137E27600BCA2D5 /* NSNotificationCenter+Safe.m in Sources */ = {isa = PBXBuildFile; fileRef = 338976B02137E27200BCA2D5 /* NSNotificationCenter+Safe.m */; };
		338976C82137E27600BCA2D5 /* NSMutableArray+Safe.m in Sources */ = {isa = PBXBuildFile; fileRef = 338976B12137E27200BCA2D5 /* NSMutableArray+Safe.m */; };
		338976C92137E27600BCA2D5 /* NSMutableAttributedString+Safe.m in Sources */ = {isa = PBXBuildFile; fileRef = 338976B42137E27200BCA2D5 /* NSMutableAttributedString+Safe.m */; };
		338976CB2137E27600BCA2D5 /* NSString+Safe.m in Sources */ = {isa = PBXBuildFile; fileRef = 338976B92137E27300BCA2D5 /* NSString+Safe.m */; };
		338976CC2137E27600BCA2D5 /* NSArray+Safe.m in Sources */ = {isa = PBXBuildFile; fileRef = 338976BA2137E27300BCA2D5 /* NSArray+Safe.m */; };
		338976CD2137E27600BCA2D5 /* NSObject+Safe.m in Sources */ = {isa = PBXBuildFile; fileRef = 338976BB2137E27300BCA2D5 /* NSObject+Safe.m */; };
		338976CE2137E27600BCA2D5 /* NSAttributedString+Safe.m in Sources */ = {isa = PBXBuildFile; fileRef = 338976BD2137E27400BCA2D5 /* NSAttributedString+Safe.m */; };
		338976CF2137E27600BCA2D5 /* NSDictionary+Safe.m in Sources */ = {isa = PBXBuildFile; fileRef = 338976BE2137E27400BCA2D5 /* NSDictionary+Safe.m */; };
		338976D02137E27600BCA2D5 /* NSMutableString+Safe.m in Sources */ = {isa = PBXBuildFile; fileRef = 338976BF2137E27400BCA2D5 /* NSMutableString+Safe.m */; };
		338976D12137E27600BCA2D5 /* NSMutableDictionary+Safe.m in Sources */ = {isa = PBXBuildFile; fileRef = 338976C42137E27500BCA2D5 /* NSMutableDictionary+Safe.m */; };
		338976D72137E2EC00BCA2D5 /* NSTimer+Safe.m in Sources */ = {isa = PBXBuildFile; fileRef = 338976D62137E2EC00BCA2D5 /* NSTimer+Safe.m */; };
		338976DA2137E60C00BCA2D5 /* DistSafeProtector.m in Sources */ = {isa = PBXBuildFile; fileRef = 338976D92137E60C00BCA2D5 /* DistSafeProtector.m */; };
		338976E12137EC7700BCA2D5 /* DistViewTestKVO.m in Sources */ = {isa = PBXBuildFile; fileRef = 338976DE2137EC7700BCA2D5 /* DistViewTestKVO.m */; };
		338976E22137EC7700BCA2D5 /* NSNotificationTestObject.m in Sources */ = {isa = PBXBuildFile; fileRef = 338976DF2137EC7700BCA2D5 /* NSNotificationTestObject.m */; };
		338976E32137EC7700BCA2D5 /* DistViewTestKVOSuper.m in Sources */ = {isa = PBXBuildFile; fileRef = 338976E02137EC7700BCA2D5 /* DistViewTestKVOSuper.m */; };
		338976E62137EE4100BCA2D5 /* Bugly.framework in Frameworks */ = {isa = PBXBuildFile; fileRef = 338976E52137EE4100BCA2D5 /* Bugly.framework */; };
/* End PBXBuildFile section */

/* Begin PBXContainerItemProxy section */
		338976912137DE9600BCA2D5 /* PBXContainerItemProxy */ = {
			isa = PBXContainerItemProxy;
			containerPortal = 338976702137DE9600BCA2D5 /* Project object */;
			proxyType = 1;
			remoteGlobalIDString = 338976772137DE9600BCA2D5;
			remoteInfo = DistSafeProtectorExample;
		};
		3389769C2137DE9600BCA2D5 /* PBXContainerItemProxy */ = {
			isa = PBXContainerItemProxy;
			containerPortal = 338976702137DE9600BCA2D5 /* Project object */;
			proxyType = 1;
			remoteGlobalIDString = 338976772137DE9600BCA2D5;
			remoteInfo = DistSafeProtectorExample;
		};
/* End PBXContainerItemProxy section */

/* Begin PBXFileReference section */
		338976782137DE9600BCA2D5 /* DistSafeProtectorExample.app */ = {isa = PBXFileReference; explicitFileType = wrapper.application; includeInIndex = 0; path = DistSafeProtectorExample.app; sourceTree = BUILT_PRODUCTS_DIR; };
		3389767B2137DE9600BCA2D5 /* AppDelegate.h */ = {isa = PBXFileReference; lastKnownFileType = sourcecode.c.h; path = AppDelegate.h; sourceTree = "<group>"; };
		3389767C2137DE9600BCA2D5 /* AppDelegate.m */ = {isa = PBXFileReference; lastKnownFileType = sourcecode.c.objc; path = AppDelegate.m; sourceTree = "<group>"; };
		3389767E2137DE9600BCA2D5 /* ViewController.h */ = {isa = PBXFileReference; lastKnownFileType = sourcecode.c.h; path = ViewController.h; sourceTree = "<group>"; };
		3389767F2137DE9600BCA2D5 /* ViewController.m */ = {isa = PBXFileReference; lastKnownFileType = sourcecode.c.objc; path = ViewController.m; sourceTree = "<group>"; };
		338976822137DE9600BCA2D5 /* Base */ = {isa = PBXFileReference; lastKnownFileType = file.storyboard; name = Base; path = Base.lproj/Main.storyboard; sourceTree = "<group>"; };
		338976842137DE9600BCA2D5 /* Assets.xcassets */ = {isa = PBXFileReference; lastKnownFileType = folder.assetcatalog; path = Assets.xcassets; sourceTree = "<group>"; };
		338976872137DE9600BCA2D5 /* Base */ = {isa = PBXFileReference; lastKnownFileType = file.storyboard; name = Base; path = Base.lproj/LaunchScreen.storyboard; sourceTree = "<group>"; };
		338976892137DE9600BCA2D5 /* Info.plist */ = {isa = PBXFileReference; lastKnownFileType = text.plist.xml; path = Info.plist; sourceTree = "<group>"; };
		3389768A2137DE9600BCA2D5 /* main.m */ = {isa = PBXFileReference; lastKnownFileType = sourcecode.c.objc; path = main.m; sourceTree = "<group>"; };
		338976902137DE9600BCA2D5 /* DistSafeProtectorExampleTests.xctest */ = {isa = PBXFileReference; explicitFileType = wrapper.cfbundle; includeInIndex = 0; path = DistSafeProtectorExampleTests.xctest; sourceTree = BUILT_PRODUCTS_DIR; };
		338976942137DE9600BCA2D5 /* DistSafeProtectorExampleTests.m */ = {isa = PBXFileReference; lastKnownFileType = sourcecode.c.objc; path = DistSafeProtectorExampleTests.m; sourceTree = "<group>"; };
		338976962137DE9600BCA2D5 /* Info.plist */ = {isa = PBXFileReference; lastKnownFileType = text.plist.xml; path = Info.plist; sourceTree = "<group>"; };
		3389769B2137DE9600BCA2D5 /* DistSafeProtectorExampleUITests.xctest */ = {isa = PBXFileReference; explicitFileType = wrapper.cfbundle; includeInIndex = 0; path = DistSafeProtectorExampleUITests.xctest; sourceTree = BUILT_PRODUCTS_DIR; };
		3389769F2137DE9600BCA2D5 /* DistSafeProtectorExampleUITests.m */ = {isa = PBXFileReference; lastKnownFileType = sourcecode.c.objc; path = DistSafeProtectorExampleUITests.m; sourceTree = "<group>"; };
		338976A12137DE9700BCA2D5 /* Info.plist */ = {isa = PBXFileReference; lastKnownFileType = text.plist.xml; path = Info.plist; sourceTree = "<group>"; };
		338976AE2137E27200BCA2D5 /* NSObject+KVOSafe.m */ = {isa = PBXFileReference; fileEncoding = 4; lastKnownFileType = sourcecode.c.objc; path = "NSObject+KVOSafe.m"; sourceTree = "<group>"; };
		338976AF2137E27200BCA2D5 /* NSMutableDictionary+Safe.h */ = {isa = PBXFileReference; fileEncoding = 4; lastKnownFileType = sourcecode.c.h; path = "NSMutableDictionary+Safe.h"; sourceTree = "<group>"; };
		338976B02137E27200BCA2D5 /* NSNotificationCenter+Safe.m */ = {isa = PBXFileReference; fileEncoding = 4; lastKnownFileType = sourcecode.c.objc; path = "NSNotificationCenter+Safe.m"; sourceTree = "<group>"; };
		338976B12137E27200BCA2D5 /* NSMutableArray+Safe.m */ = {isa = PBXFileReference; fileEncoding = 4; lastKnownFileType = sourcecode.c.objc; path = "NSMutableArray+Safe.m"; sourceTree = "<group>"; };
		338976B22137E27200BCA2D5 /* NSAttributedString+Safe.h */ = {isa = PBXFileReference; fileEncoding = 4; lastKnownFileType = sourcecode.c.h; path = "NSAttributedString+Safe.h"; sourceTree = "<group>"; };
		338976B42137E27200BCA2D5 /* NSMutableAttributedString+Safe.m */ = {isa = PBXFileReference; fileEncoding = 4; lastKnownFileType = sourcecode.c.objc; path = "NSMutableAttributedString+Safe.m"; sourceTree = "<group>"; };
		338976B62137E27300BCA2D5 /* NSMutableAttributedString+Safe.h */ = {isa = PBXFileReference; fileEncoding = 4; lastKnownFileType = sourcecode.c.h; path = "NSMutableAttributedString+Safe.h"; sourceTree = "<group>"; };
		338976B72137E27300BCA2D5 /* NSObject+KVOSafe.h */ = {isa = PBXFileReference; fileEncoding = 4; lastKnownFileType = sourcecode.c.h; path = "NSObject+KVOSafe.h"; sourceTree = "<group>"; };
		338976B82137E27300BCA2D5 /* NSObject+Safe.h */ = {isa = PBXFileReference; fileEncoding = 4; lastKnownFileType = sourcecode.c.h; path = "NSObject+Safe.h"; sourceTree = "<group>"; };
		338976B92137E27300BCA2D5 /* NSString+Safe.m */ = {isa = PBXFileReference; fileEncoding = 4; lastKnownFileType = sourcecode.c.objc; path = "NSString+Safe.m"; sourceTree = "<group>"; };
		338976BA2137E27300BCA2D5 /* NSArray+Safe.m */ = {isa = PBXFileReference; fileEncoding = 4; lastKnownFileType = sourcecode.c.objc; path = "NSArray+Safe.m"; sourceTree = "<group>"; };
		338976BB2137E27300BCA2D5 /* NSObject+Safe.m */ = {isa = PBXFileReference; fileEncoding = 4; lastKnownFileType = sourcecode.c.objc; path = "NSObject+Safe.m"; sourceTree = "<group>"; };
		338976BC2137E27300BCA2D5 /* NSString+Safe.h */ = {isa = PBXFileReference; fileEncoding = 4; lastKnownFileType = sourcecode.c.h; path = "NSString+Safe.h"; sourceTree = "<group>"; };
		338976BD2137E27400BCA2D5 /* NSAttributedString+Safe.m */ = {isa = PBXFileReference; fileEncoding = 4; lastKnownFileType = sourcecode.c.objc; path = "NSAttributedString+Safe.m"; sourceTree = "<group>"; };
		338976BE2137E27400BCA2D5 /* NSDictionary+Safe.m */ = {isa = PBXFileReference; fileEncoding = 4; lastKnownFileType = sourcecode.c.objc; path = "NSDictionary+Safe.m"; sourceTree = "<group>"; };
		338976BF2137E27400BCA2D5 /* NSMutableString+Safe.m */ = {isa = PBXFileReference; fileEncoding = 4; lastKnownFileType = sourcecode.c.objc; path = "NSMutableString+Safe.m"; sourceTree = "<group>"; };
		338976C02137E27400BCA2D5 /* NSMutableString+Safe.h */ = {isa = PBXFileReference; fileEncoding = 4; lastKnownFileType = sourcecode.c.h; path = "NSMutableString+Safe.h"; sourceTree = "<group>"; };
		338976C12137E27400BCA2D5 /* NSDictionary+Safe.h */ = {isa = PBXFileReference; fileEncoding = 4; lastKnownFileType = sourcecode.c.h; path = "NSDictionary+Safe.h"; sourceTree = "<group>"; };
		338976C22137E27500BCA2D5 /* NSMutableArray+Safe.h */ = {isa = PBXFileReference; fileEncoding = 4; lastKnownFileType = sourcecode.c.h; path = "NSMutableArray+Safe.h"; sourceTree = "<group>"; };
		338976C32137E27500BCA2D5 /* NSNotificationCenter+Safe.h */ = {isa = PBXFileReference; fileEncoding = 4; lastKnownFileType = sourcecode.c.h; path = "NSNotificationCenter+Safe.h"; sourceTree = "<group>"; };
		338976C42137E27500BCA2D5 /* NSMutableDictionary+Safe.m */ = {isa = PBXFileReference; fileEncoding = 4; lastKnownFileType = sourcecode.c.objc; path = "NSMutableDictionary+Safe.m"; sourceTree = "<group>"; };
		338976C52137E27600BCA2D5 /* NSArray+Safe.h */ = {isa = PBXFileReference; fileEncoding = 4; lastKnownFileType = sourcecode.c.h; path = "NSArray+Safe.h"; sourceTree = "<group>"; };
		338976D52137E2EC00BCA2D5 /* NSTimer+Safe.h */ = {isa = PBXFileReference; lastKnownFileType = sourcecode.c.h; path = "NSTimer+Safe.h"; sourceTree = "<group>"; };
		338976D62137E2EC00BCA2D5 /* NSTimer+Safe.m */ = {isa = PBXFileReference; lastKnownFileType = sourcecode.c.objc; path = "NSTimer+Safe.m"; sourceTree = "<group>"; };
		338976D82137E60C00BCA2D5 /* DistSafeProtector.h */ = {isa = PBXFileReference; lastKnownFileType = sourcecode.c.h; path = DistSafeProtector.h; sourceTree = "<group>"; };
		338976D92137E60C00BCA2D5 /* DistSafeProtector.m */ = {isa = PBXFileReference; lastKnownFileType = sourcecode.c.objc; path = DistSafeProtector.m; sourceTree = "<group>"; };
		338976DB2137EC7600BCA2D5 /* DistViewTestKVO.h */ = {isa = PBXFileReference; fileEncoding = 4; lastKnownFileType = sourcecode.c.h; path = DistViewTestKVO.h; sourceTree = "<group>"; };
		338976DC2137EC7600BCA2D5 /* NSNotificationTestObject.h */ = {isa = PBXFileReference; fileEncoding = 4; lastKnownFileType = sourcecode.c.h; path = NSNotificationTestObject.h; sourceTree = "<group>"; };
		338976DD2137EC7600BCA2D5 /* DistViewTestKVOSuper.h */ = {isa = PBXFileReference; fileEncoding = 4; lastKnownFileType = sourcecode.c.h; path = DistViewTestKVOSuper.h; sourceTree = "<group>"; };
		338976DE2137EC7700BCA2D5 /* DistViewTestKVO.m */ = {isa = PBXFileReference; fileEncoding = 4; lastKnownFileType = sourcecode.c.objc; path = DistViewTestKVO.m; sourceTree = "<group>"; };
		338976DF2137EC7700BCA2D5 /* NSNotificationTestObject.m */ = {isa = PBXFileReference; fileEncoding = 4; lastKnownFileType = sourcecode.c.objc; path = NSNotificationTestObject.m; sourceTree = "<group>"; };
		338976E02137EC7700BCA2D5 /* DistViewTestKVOSuper.m */ = {isa = PBXFileReference; fileEncoding = 4; lastKnownFileType = sourcecode.c.objc; path = DistViewTestKVOSuper.m; sourceTree = "<group>"; };
		338976E52137EE4100BCA2D5 /* Bugly.framework */ = {isa = PBXFileReference; lastKnownFileType = wrapper.framework; path = Bugly.framework; sourceTree = "<group>"; };
/* End PBXFileReference section */

/* Begin PBXFrameworksBuildPhase section */
		338976752137DE9600BCA2D5 /* Frameworks */ = {
			isa = PBXFrameworksBuildPhase;
			buildActionMask = 2147483647;
			files = (
				338976E62137EE4100BCA2D5 /* Bugly.framework in Frameworks */,
			);
			runOnlyForDeploymentPostprocessing = 0;
		};
		3389768D2137DE9600BCA2D5 /* Frameworks */ = {
			isa = PBXFrameworksBuildPhase;
			buildActionMask = 2147483647;
			files = (
			);
			runOnlyForDeploymentPostprocessing = 0;
		};
		338976982137DE9600BCA2D5 /* Frameworks */ = {
			isa = PBXFrameworksBuildPhase;
			buildActionMask = 2147483647;
			files = (
			);
			runOnlyForDeploymentPostprocessing = 0;
		};
/* End PBXFrameworksBuildPhase section */

/* Begin PBXGroup section */
		3389766F2137DE9600BCA2D5 = {
			isa = PBXGroup;
			children = (
				3389767A2137DE9600BCA2D5 /* DistSafeProtectorExample */,
				338976932137DE9600BCA2D5 /* DistSafeProtectorExampleTests */,
				3389769E2137DE9600BCA2D5 /* DistSafeProtectorExampleUITests */,
				338976792137DE9600BCA2D5 /* Products */,
			);
			sourceTree = "<group>";
		};
		338976792137DE9600BCA2D5 /* Products */ = {
			isa = PBXGroup;
			children = (
				338976782137DE9600BCA2D5 /* DistSafeProtectorExample.app */,
				338976902137DE9600BCA2D5 /* DistSafeProtectorExampleTests.xctest */,
				3389769B2137DE9600BCA2D5 /* DistSafeProtectorExampleUITests.xctest */,
			);
			name = Products;
			sourceTree = "<group>";
		};
		3389767A2137DE9600BCA2D5 /* DistSafeProtectorExample */ = {
			isa = PBXGroup;
			children = (
				338976E42137EE4100BCA2D5 /* Bugly */,
				338976AD2137E1E900BCA2D5 /* DistSafeProtector */,
				3389767B2137DE9600BCA2D5 /* AppDelegate.h */,
				3389767C2137DE9600BCA2D5 /* AppDelegate.m */,
				3389767E2137DE9600BCA2D5 /* ViewController.h */,
				3389767F2137DE9600BCA2D5 /* ViewController.m */,
				338976DB2137EC7600BCA2D5 /* DistViewTestKVO.h */,
				338976DE2137EC7700BCA2D5 /* DistViewTestKVO.m */,
				338976DD2137EC7600BCA2D5 /* DistViewTestKVOSuper.h */,
				338976E02137EC7700BCA2D5 /* DistViewTestKVOSuper.m */,
				338976DC2137EC7600BCA2D5 /* NSNotificationTestObject.h */,
				338976DF2137EC7700BCA2D5 /* NSNotificationTestObject.m */,
				338976812137DE9600BCA2D5 /* Main.storyboard */,
				338976842137DE9600BCA2D5 /* Assets.xcassets */,
				338976862137DE9600BCA2D5 /* LaunchScreen.storyboard */,
				338976892137DE9600BCA2D5 /* Info.plist */,
				3389768A2137DE9600BCA2D5 /* main.m */,
			);
			path = DistSafeProtectorExample;
			sourceTree = "<group>";
		};
		338976932137DE9600BCA2D5 /* DistSafeProtectorExampleTests */ = {
			isa = PBXGroup;
			children = (
				338976942137DE9600BCA2D5 /* DistSafeProtectorExampleTests.m */,
				338976962137DE9600BCA2D5 /* Info.plist */,
			);
			path = DistSafeProtectorExampleTests;
			sourceTree = "<group>";
		};
		3389769E2137DE9600BCA2D5 /* DistSafeProtectorExampleUITests */ = {
			isa = PBXGroup;
			children = (
				3389769F2137DE9600BCA2D5 /* DistSafeProtectorExampleUITests.m */,
				338976A12137DE9700BCA2D5 /* Info.plist */,
			);
			path = DistSafeProtectorExampleUITests;
			sourceTree = "<group>";
		};
		338976AD2137E1E900BCA2D5 /* DistSafeProtector */ = {
			isa = PBXGroup;
			children = (
				338976D82137E60C00BCA2D5 /* DistSafeProtector.h */,
				338976D92137E60C00BCA2D5 /* DistSafeProtector.m */,
				338976C52137E27600BCA2D5 /* NSArray+Safe.h */,
				338976BA2137E27300BCA2D5 /* NSArray+Safe.m */,
				338976B22137E27200BCA2D5 /* NSAttributedString+Safe.h */,
				338976BD2137E27400BCA2D5 /* NSAttributedString+Safe.m */,
				338976C12137E27400BCA2D5 /* NSDictionary+Safe.h */,
				338976BE2137E27400BCA2D5 /* NSDictionary+Safe.m */,
				338976C22137E27500BCA2D5 /* NSMutableArray+Safe.h */,
				338976B12137E27200BCA2D5 /* NSMutableArray+Safe.m */,
				338976B62137E27300BCA2D5 /* NSMutableAttributedString+Safe.h */,
				338976B42137E27200BCA2D5 /* NSMutableAttributedString+Safe.m */,
				338976AF2137E27200BCA2D5 /* NSMutableDictionary+Safe.h */,
				338976C42137E27500BCA2D5 /* NSMutableDictionary+Safe.m */,
				338976C02137E27400BCA2D5 /* NSMutableString+Safe.h */,
				338976BF2137E27400BCA2D5 /* NSMutableString+Safe.m */,
				338976C32137E27500BCA2D5 /* NSNotificationCenter+Safe.h */,
				338976B02137E27200BCA2D5 /* NSNotificationCenter+Safe.m */,
				338976B72137E27300BCA2D5 /* NSObject+KVOSafe.h */,
				338976AE2137E27200BCA2D5 /* NSObject+KVOSafe.m */,
				338976B82137E27300BCA2D5 /* NSObject+Safe.h */,
				338976BB2137E27300BCA2D5 /* NSObject+Safe.m */,
				338976BC2137E27300BCA2D5 /* NSString+Safe.h */,
				338976B92137E27300BCA2D5 /* NSString+Safe.m */,
				338976D52137E2EC00BCA2D5 /* NSTimer+Safe.h */,
				338976D62137E2EC00BCA2D5 /* NSTimer+Safe.m */,
			);
			name = DistSafeProtector;
			path = ../../DistSafeProtector;
			sourceTree = "<group>";
		};
		338976E42137EE4100BCA2D5 /* Bugly */ = {
			isa = PBXGroup;
			children = (
				338976E52137EE4100BCA2D5 /* Bugly.framework */,
			);
			path = Bugly;
			sourceTree = "<group>";
		};
/* End PBXGroup section */

/* Begin PBXNativeTarget section */
		338976772137DE9600BCA2D5 /* DistSafeProtectorExample */ = {
			isa = PBXNativeTarget;
			buildConfigurationList = 338976A42137DE9700BCA2D5 /* Build configuration list for PBXNativeTarget "DistSafeProtectorExample" */;
			buildPhases = (
				338976742137DE9600BCA2D5 /* Sources */,
				338976752137DE9600BCA2D5 /* Frameworks */,
				338976762137DE9600BCA2D5 /* Resources */,
			);
			buildRules = (
			);
			dependencies = (
			);
			name = DistSafeProtectorExample;
			productName = DistSafeProtectorExample;
			productReference = 338976782137DE9600BCA2D5 /* DistSafeProtectorExample.app */;
			productType = "com.apple.product-type.application";
		};
		3389768F2137DE9600BCA2D5 /* DistSafeProtectorExampleTests */ = {
			isa = PBXNativeTarget;
			buildConfigurationList = 338976A72137DE9700BCA2D5 /* Build configuration list for PBXNativeTarget "DistSafeProtectorExampleTests" */;
			buildPhases = (
				3389768C2137DE9600BCA2D5 /* Sources */,
				3389768D2137DE9600BCA2D5 /* Frameworks */,
				3389768E2137DE9600BCA2D5 /* Resources */,
			);
			buildRules = (
			);
			dependencies = (
				338976922137DE9600BCA2D5 /* PBXTargetDependency */,
			);
			name = DistSafeProtectorExampleTests;
			productName = DistSafeProtectorExampleTests;
			productReference = 338976902137DE9600BCA2D5 /* DistSafeProtectorExampleTests.xctest */;
			productType = "com.apple.product-type.bundle.unit-test";
		};
		3389769A2137DE9600BCA2D5 /* DistSafeProtectorExampleUITests */ = {
			isa = PBXNativeTarget;
			buildConfigurationList = 338976AA2137DE9700BCA2D5 /* Build configuration list for PBXNativeTarget "DistSafeProtectorExampleUITests" */;
			buildPhases = (
				338976972137DE9600BCA2D5 /* Sources */,
				338976982137DE9600BCA2D5 /* Frameworks */,
				338976992137DE9600BCA2D5 /* Resources */,
			);
			buildRules = (
			);
			dependencies = (
				3389769D2137DE9600BCA2D5 /* PBXTargetDependency */,
			);
			name = DistSafeProtectorExampleUITests;
			productName = DistSafeProtectorExampleUITests;
			productReference = 3389769B2137DE9600BCA2D5 /* DistSafeProtectorExampleUITests.xctest */;
			productType = "com.apple.product-type.bundle.ui-testing";
		};
/* End PBXNativeTarget section */

/* Begin PBXProject section */
		338976702137DE9600BCA2D5 /* Project object */ = {
			isa = PBXProject;
			attributes = {
				LastUpgradeCheck = 0920;
				ORGANIZATIONNAME = Dist;
				TargetAttributes = {
					338976772137DE9600BCA2D5 = {
						CreatedOnToolsVersion = 9.2;
						ProvisioningStyle = Automatic;
					};
					3389768F2137DE9600BCA2D5 = {
						CreatedOnToolsVersion = 9.2;
						ProvisioningStyle = Automatic;
						TestTargetID = 338976772137DE9600BCA2D5;
					};
					3389769A2137DE9600BCA2D5 = {
						CreatedOnToolsVersion = 9.2;
						ProvisioningStyle = Automatic;
						TestTargetID = 338976772137DE9600BCA2D5;
					};
				};
			};
			buildConfigurationList = 338976732137DE9600BCA2D5 /* Build configuration list for PBXProject "DistSafeProtectorExample" */;
			compatibilityVersion = "Xcode 8.0";
			developmentRegion = en;
			hasScannedForEncodings = 0;
			knownRegions = (
				en,
				Base,
			);
			mainGroup = 3389766F2137DE9600BCA2D5;
			productRefGroup = 338976792137DE9600BCA2D5 /* Products */;
			projectDirPath = "";
			projectRoot = "";
			targets = (
				338976772137DE9600BCA2D5 /* DistSafeProtectorExample */,
				3389768F2137DE9600BCA2D5 /* DistSafeProtectorExampleTests */,
				3389769A2137DE9600BCA2D5 /* DistSafeProtectorExampleUITests */,
			);
		};
/* End PBXProject section */

/* Begin PBXResourcesBuildPhase section */
		338976762137DE9600BCA2D5 /* Resources */ = {
			isa = PBXResourcesBuildPhase;
			buildActionMask = 2147483647;
			files = (
				338976882137DE9600BCA2D5 /* LaunchScreen.storyboard in Resources */,
				338976852137DE9600BCA2D5 /* Assets.xcassets in Resources */,
				338976832137DE9600BCA2D5 /* Main.storyboard in Resources */,
			);
			runOnlyForDeploymentPostprocessing = 0;
		};
		3389768E2137DE9600BCA2D5 /* Resources */ = {
			isa = PBXResourcesBuildPhase;
			buildActionMask = 2147483647;
			files = (
			);
			runOnlyForDeploymentPostprocessing = 0;
		};
		338976992137DE9600BCA2D5 /* Resources */ = {
			isa = PBXResourcesBuildPhase;
			buildActionMask = 2147483647;
			files = (
			);
			runOnlyForDeploymentPostprocessing = 0;
		};
/* End PBXResourcesBuildPhase section */

/* Begin PBXSourcesBuildPhase section */
		338976742137DE9600BCA2D5 /* Sources */ = {
			isa = PBXSourcesBuildPhase;
			buildActionMask = 2147483647;
			files = (
				338976802137DE9600BCA2D5 /* ViewController.m in Sources */,
				338976CC2137E27600BCA2D5 /* NSArray+Safe.m in Sources */,
				338976E12137EC7700BCA2D5 /* DistViewTestKVO.m in Sources */,
				3389768B2137DE9600BCA2D5 /* main.m in Sources */,
				338976DA2137E60C00BCA2D5 /* DistSafeProtector.m in Sources */,
				338976D02137E27600BCA2D5 /* NSMutableString+Safe.m in Sources */,
				338976E22137EC7700BCA2D5 /* NSNotificationTestObject.m in Sources */,
				338976CF2137E27600BCA2D5 /* NSDictionary+Safe.m in Sources */,
				338976C92137E27600BCA2D5 /* NSMutableAttributedString+Safe.m in Sources */,
				338976C82137E27600BCA2D5 /* NSMutableArray+Safe.m in Sources */,
				338976CB2137E27600BCA2D5 /* NSString+Safe.m in Sources */,
				338976CE2137E27600BCA2D5 /* NSAttributedString+Safe.m in Sources */,
				338976D12137E27600BCA2D5 /* NSMutableDictionary+Safe.m in Sources */,
				338976D72137E2EC00BCA2D5 /* NSTimer+Safe.m in Sources */,
				338976E32137EC7700BCA2D5 /* DistViewTestKVOSuper.m in Sources */,
				338976CD2137E27600BCA2D5 /* NSObject+Safe.m in Sources */,
				3389767D2137DE9600BCA2D5 /* AppDelegate.m in Sources */,
				338976C72137E27600BCA2D5 /* NSNotificationCenter+Safe.m in Sources */,
				338976C62137E27600BCA2D5 /* NSObject+KVOSafe.m in Sources */,
			);
			runOnlyForDeploymentPostprocessing = 0;
		};
		3389768C2137DE9600BCA2D5 /* Sources */ = {
			isa = PBXSourcesBuildPhase;
			buildActionMask = 2147483647;
			files = (
				338976952137DE9600BCA2D5 /* DistSafeProtectorExampleTests.m in Sources */,
			);
			runOnlyForDeploymentPostprocessing = 0;
		};
		338976972137DE9600BCA2D5 /* Sources */ = {
			isa = PBXSourcesBuildPhase;
			buildActionMask = 2147483647;
			files = (
				338976A02137DE9600BCA2D5 /* DistSafeProtectorExampleUITests.m in Sources */,
			);
			runOnlyForDeploymentPostprocessing = 0;
		};
/* End PBXSourcesBuildPhase section */

/* Begin PBXTargetDependency section */
		338976922137DE9600BCA2D5 /* PBXTargetDependency */ = {
			isa = PBXTargetDependency;
			target = 338976772137DE9600BCA2D5 /* DistSafeProtectorExample */;
			targetProxy = 338976912137DE9600BCA2D5 /* PBXContainerItemProxy */;
		};
		3389769D2137DE9600BCA2D5 /* PBXTargetDependency */ = {
			isa = PBXTargetDependency;
			target = 338976772137DE9600BCA2D5 /* DistSafeProtectorExample */;
			targetProxy = 3389769C2137DE9600BCA2D5 /* PBXContainerItemProxy */;
		};
/* End PBXTargetDependency section */

/* Begin PBXVariantGroup section */
		338976812137DE9600BCA2D5 /* Main.storyboard */ = {
			isa = PBXVariantGroup;
			children = (
				338976822137DE9600BCA2D5 /* Base */,
			);
			name = Main.storyboard;
			sourceTree = "<group>";
		};
		338976862137DE9600BCA2D5 /* LaunchScreen.storyboard */ = {
			isa = PBXVariantGroup;
			children = (
				338976872137DE9600BCA2D5 /* Base */,
			);
			name = LaunchScreen.storyboard;
			sourceTree = "<group>";
		};
/* End PBXVariantGroup section */

/* Begin XCBuildConfiguration section */
		338976A22137DE9700BCA2D5 /* Debug */ = {
			isa = XCBuildConfiguration;
			buildSettings = {
				ALWAYS_SEARCH_USER_PATHS = NO;
				CLANG_ANALYZER_NONNULL = YES;
				CLANG_ANALYZER_NUMBER_OBJECT_CONVERSION = YES_AGGRESSIVE;
				CLANG_CXX_LANGUAGE_STANDARD = "gnu++14";
				CLANG_CXX_LIBRARY = "libc++";
				CLANG_ENABLE_MODULES = YES;
				CLANG_ENABLE_OBJC_ARC = YES;
				CLANG_WARN_BLOCK_CAPTURE_AUTORELEASING = YES;
				CLANG_WARN_BOOL_CONVERSION = YES;
				CLANG_WARN_COMMA = YES;
				CLANG_WARN_CONSTANT_CONVERSION = YES;
				CLANG_WARN_DIRECT_OBJC_ISA_USAGE = YES_ERROR;
				CLANG_WARN_DOCUMENTATION_COMMENTS = YES;
				CLANG_WARN_EMPTY_BODY = YES;
				CLANG_WARN_ENUM_CONVERSION = YES;
				CLANG_WARN_INFINITE_RECURSION = YES;
				CLANG_WARN_INT_CONVERSION = YES;
				CLANG_WARN_NON_LITERAL_NULL_CONVERSION = YES;
				CLANG_WARN_OBJC_LITERAL_CONVERSION = YES;
				CLANG_WARN_OBJC_ROOT_CLASS = YES_ERROR;
				CLANG_WARN_RANGE_LOOP_ANALYSIS = YES;
				CLANG_WARN_STRICT_PROTOTYPES = YES;
				CLANG_WARN_SUSPICIOUS_MOVE = YES;
				CLANG_WARN_UNGUARDED_AVAILABILITY = YES_AGGRESSIVE;
				CLANG_WARN_UNREACHABLE_CODE = YES;
				CLANG_WARN__DUPLICATE_METHOD_MATCH = YES;
				CODE_SIGN_IDENTITY = "iPhone Developer";
				COPY_PHASE_STRIP = NO;
				DEBUG_INFORMATION_FORMAT = dwarf;
				ENABLE_STRICT_OBJC_MSGSEND = YES;
				ENABLE_TESTABILITY = YES;
				GCC_C_LANGUAGE_STANDARD = gnu11;
				GCC_DYNAMIC_NO_PIC = NO;
				GCC_NO_COMMON_BLOCKS = YES;
				GCC_OPTIMIZATION_LEVEL = 0;
				GCC_PREPROCESSOR_DEFINITIONS = (
					"DEBUG=1",
					"$(inherited)",
				);
				GCC_WARN_64_TO_32_BIT_CONVERSION = YES;
				GCC_WARN_ABOUT_RETURN_TYPE = YES_ERROR;
				GCC_WARN_UNDECLARED_SELECTOR = YES;
				GCC_WARN_UNINITIALIZED_AUTOS = YES_AGGRESSIVE;
				GCC_WARN_UNUSED_FUNCTION = YES;
				GCC_WARN_UNUSED_VARIABLE = YES;
				IPHONEOS_DEPLOYMENT_TARGET = 11.2;
				MTL_ENABLE_DEBUG_INFO = YES;
				ONLY_ACTIVE_ARCH = YES;
				SDKROOT = iphoneos;
			};
			name = Debug;
		};
		338976A32137DE9700BCA2D5 /* Release */ = {
			isa = XCBuildConfiguration;
			buildSettings = {
				ALWAYS_SEARCH_USER_PATHS = NO;
				CLANG_ANALYZER_NONNULL = YES;
				CLANG_ANALYZER_NUMBER_OBJECT_CONVERSION = YES_AGGRESSIVE;
				CLANG_CXX_LANGUAGE_STANDARD = "gnu++14";
				CLANG_CXX_LIBRARY = "libc++";
				CLANG_ENABLE_MODULES = YES;
				CLANG_ENABLE_OBJC_ARC = YES;
				CLANG_WARN_BLOCK_CAPTURE_AUTORELEASING = YES;
				CLANG_WARN_BOOL_CONVERSION = YES;
				CLANG_WARN_COMMA = YES;
				CLANG_WARN_CONSTANT_CONVERSION = YES;
				CLANG_WARN_DIRECT_OBJC_ISA_USAGE = YES_ERROR;
				CLANG_WARN_DOCUMENTATION_COMMENTS = YES;
				CLANG_WARN_EMPTY_BODY = YES;
				CLANG_WARN_ENUM_CONVERSION = YES;
				CLANG_WARN_INFINITE_RECURSION = YES;
				CLANG_WARN_INT_CONVERSION = YES;
				CLANG_WARN_NON_LITERAL_NULL_CONVERSION = YES;
				CLANG_WARN_OBJC_LITERAL_CONVERSION = YES;
				CLANG_WARN_OBJC_ROOT_CLASS = YES_ERROR;
				CLANG_WARN_RANGE_LOOP_ANALYSIS = YES;
				CLANG_WARN_STRICT_PROTOTYPES = YES;
				CLANG_WARN_SUSPICIOUS_MOVE = YES;
				CLANG_WARN_UNGUARDED_AVAILABILITY = YES_AGGRESSIVE;
				CLANG_WARN_UNREACHABLE_CODE = YES;
				CLANG_WARN__DUPLICATE_METHOD_MATCH = YES;
				CODE_SIGN_IDENTITY = "iPhone Developer";
				COPY_PHASE_STRIP = NO;
				DEBUG_INFORMATION_FORMAT = "dwarf-with-dsym";
				ENABLE_NS_ASSERTIONS = NO;
				ENABLE_STRICT_OBJC_MSGSEND = YES;
				GCC_C_LANGUAGE_STANDARD = gnu11;
				GCC_NO_COMMON_BLOCKS = YES;
				GCC_WARN_64_TO_32_BIT_CONVERSION = YES;
				GCC_WARN_ABOUT_RETURN_TYPE = YES_ERROR;
				GCC_WARN_UNDECLARED_SELECTOR = YES;
				GCC_WARN_UNINITIALIZED_AUTOS = YES_AGGRESSIVE;
				GCC_WARN_UNUSED_FUNCTION = YES;
				GCC_WARN_UNUSED_VARIABLE = YES;
				IPHONEOS_DEPLOYMENT_TARGET = 11.2;
				MTL_ENABLE_DEBUG_INFO = NO;
				SDKROOT = iphoneos;
				VALIDATE_PRODUCT = YES;
			};
			name = Release;
		};
		338976A52137DE9700BCA2D5 /* Debug */ = {
			isa = XCBuildConfiguration;
			buildSettings = {
				ASSETCATALOG_COMPILER_APPICON_NAME = AppIcon;
				CODE_SIGN_STYLE = Automatic;
				DEVELOPMENT_TEAM = C5Y43433E6;
				FRAMEWORK_SEARCH_PATHS = (
					"$(inherited)",
					"$(PROJECT_DIR)/DistSafeProtectorExample/Bugly",
				);
				INFOPLIST_FILE = DistSafeProtectorExample/Info.plist;
				IPHONEOS_DEPLOYMENT_TARGET = 8.0;
				LD_RUNPATH_SEARCH_PATHS = "$(inherited) @executable_path/Frameworks";
				PRODUCT_BUNDLE_IDENTIFIER = com.dist.DistSafeProtectorExample;
				PRODUCT_NAME = "$(TARGET_NAME)";
				TARGETED_DEVICE_FAMILY = "1,2";
			};
			name = Debug;
		};
		338976A62137DE9700BCA2D5 /* Release */ = {
			isa = XCBuildConfiguration;
			buildSettings = {
				ASSETCATALOG_COMPILER_APPICON_NAME = AppIcon;
				CODE_SIGN_STYLE = Automatic;
				DEVELOPMENT_TEAM = C5Y43433E6;
				FRAMEWORK_SEARCH_PATHS = (
					"$(inherited)",
					"$(PROJECT_DIR)/DistSafeProtectorExample/Bugly",
				);
				INFOPLIST_FILE = DistSafeProtectorExample/Info.plist;
				IPHONEOS_DEPLOYMENT_TARGET = 8.0;
				LD_RUNPATH_SEARCH_PATHS = "$(inherited) @executable_path/Frameworks";
				PRODUCT_BUNDLE_IDENTIFIER = com.dist.DistSafeProtectorExample;
				PRODUCT_NAME = "$(TARGET_NAME)";
				TARGETED_DEVICE_FAMILY = "1,2";
			};
			name = Release;
		};
		338976A82137DE9700BCA2D5 /* Debug */ = {
			isa = XCBuildConfiguration;
			buildSettings = {
				BUNDLE_LOADER = "$(TEST_HOST)";
				CODE_SIGN_STYLE = Automatic;
				INFOPLIST_FILE = DistSafeProtectorExampleTests/Info.plist;
				LD_RUNPATH_SEARCH_PATHS = "$(inherited) @executable_path/Frameworks @loader_path/Frameworks";
				PRODUCT_BUNDLE_IDENTIFIER = com.dist.DistSafeProtectorExampleTests;
				PRODUCT_NAME = "$(TARGET_NAME)";
				TARGETED_DEVICE_FAMILY = "1,2";
				TEST_HOST = "$(BUILT_PRODUCTS_DIR)/DistSafeProtectorExample.app/DistSafeProtectorExample";
			};
			name = Debug;
		};
		338976A92137DE9700BCA2D5 /* Release */ = {
			isa = XCBuildConfiguration;
			buildSettings = {
				BUNDLE_LOADER = "$(TEST_HOST)";
				CODE_SIGN_STYLE = Automatic;
				INFOPLIST_FILE = DistSafeProtectorExampleTests/Info.plist;
				LD_RUNPATH_SEARCH_PATHS = "$(inherited) @executable_path/Frameworks @loader_path/Frameworks";
				PRODUCT_BUNDLE_IDENTIFIER = com.dist.DistSafeProtectorExampleTests;
				PRODUCT_NAME = "$(TARGET_NAME)";
				TARGETED_DEVICE_FAMILY = "1,2";
				TEST_HOST = "$(BUILT_PRODUCTS_DIR)/DistSafeProtectorExample.app/DistSafeProtectorExample";
			};
			name = Release;
		};
		338976AB2137DE9700BCA2D5 /* Debug */ = {
			isa = XCBuildConfiguration;
			buildSettings = {
				CODE_SIGN_STYLE = Automatic;
				INFOPLIST_FILE = DistSafeProtectorExampleUITests/Info.plist;
				LD_RUNPATH_SEARCH_PATHS = "$(inherited) @executable_path/Frameworks @loader_path/Frameworks";
				PRODUCT_BUNDLE_IDENTIFIER = com.dist.DistSafeProtectorExampleUITests;
				PRODUCT_NAME = "$(TARGET_NAME)";
				TARGETED_DEVICE_FAMILY = "1,2";
				TEST_TARGET_NAME = DistSafeProtectorExample;
			};
			name = Debug;
		};
		338976AC2137DE9700BCA2D5 /* Release */ = {
			isa = XCBuildConfiguration;
			buildSettings = {
				CODE_SIGN_STYLE = Automatic;
				INFOPLIST_FILE = DistSafeProtectorExampleUITests/Info.plist;
				LD_RUNPATH_SEARCH_PATHS = "$(inherited) @executable_path/Frameworks @loader_path/Frameworks";
				PRODUCT_BUNDLE_IDENTIFIER = com.dist.DistSafeProtectorExampleUITests;
				PRODUCT_NAME = "$(TARGET_NAME)";
				TARGETED_DEVICE_FAMILY = "1,2";
				TEST_TARGET_NAME = DistSafeProtectorExample;
			};
			name = Release;
		};
/* End XCBuildConfiguration section */

/* Begin XCConfigurationList section */
		338976732137DE9600BCA2D5 /* Build configuration list for PBXProject "DistSafeProtectorExample" */ = {
			isa = XCConfigurationList;
			buildConfigurations = (
				338976A22137DE9700BCA2D5 /* Debug */,
				338976A32137DE9700BCA2D5 /* Release */,
			);
			defaultConfigurationIsVisible = 0;
			defaultConfigurationName = Release;
		};
		338976A42137DE9700BCA2D5 /* Build configuration list for PBXNativeTarget "DistSafeProtectorExample" */ = {
			isa = XCConfigurationList;
			buildConfigurations = (
				338976A52137DE9700BCA2D5 /* Debug */,
				338976A62137DE9700BCA2D5 /* Release */,
			);
			defaultConfigurationIsVisible = 0;
			defaultConfigurationName = Release;
		};
		338976A72137DE9700BCA2D5 /* Build configuration list for PBXNativeTarget "DistSafeProtectorExampleTests" */ = {
			isa = XCConfigurationList;
			buildConfigurations = (
				338976A82137DE9700BCA2D5 /* Debug */,
				338976A92137DE9700BCA2D5 /* Release */,
			);
			defaultConfigurationIsVisible = 0;
			defaultConfigurationName = Release;
		};
		338976AA2137DE9700BCA2D5 /* Build configuration list for PBXNativeTarget "DistSafeProtectorExampleUITests" */ = {
			isa = XCConfigurationList;
			buildConfigurations = (
				338976AB2137DE9700BCA2D5 /* Debug */,
				338976AC2137DE9700BCA2D5 /* Release */,
			);
			defaultConfigurationIsVisible = 0;
			defaultConfigurationName = Release;
		};
/* End XCConfigurationList section */
	};
	rootObject = 338976702137DE9600BCA2D5 /* Project object */;
}
